
Microsoft Visual Studio Solution File, Format Version 12.00
# Visual Studio 15
VisualStudioVersion = 15.0.27703.2026
MinimumVisualStudioVersion = 10.0.40219.1
Project("{FAE04EC0-301F-11D3-BF4B-00C04F79EFBC}") = "PracticaCaracteristicasGrid", "PracticaCaracteristicasGrid\PracticaCaracteristicasGrid.csproj", "{B285B62E-06DE-4DF3-B753-D1656F748A2D}"
EndProject
Global
	GlobalSection(SolutionConfigurationPlatforms) = preSolution
		Debug|Any CPU = Debug|Any CPU
		Release|Any CPU = Release|Any CPU
	EndGlobalSection
	GlobalSection(ProjectConfigurationPlatforms) = postSolution
		{B285B62E-06DE-4DF3-B753-D1656F748A2D}.Debug|Any CPU.ActiveCfg = Debug|Any CPU
		{B285B62E-06DE-4DF3-B753-D1656F748A2D}.Debug|Any CPU.Build.0 = Debug|Any CPU
		{B285B62E-06DE-4DF3-B753-D1656F748A2D}.Release|Any CPU.ActiveCfg = Release|Any CPU
		{B285B62E-06DE-4DF3-B753-D1656F748A2D}.Release|Any CPU.Build.0 = Release|Any CPU
	EndGlobalSection
	GlobalSection(SolutionProperties) = preSolution
		HideSolutionNode = FALSE
	EndGlobalSection
	GlobalSection(ExtensibilityGlobals) = postSolution
		SolutionGuid = {66C01B03-E103-422C-A0B2-7041223FAD25}
	EndGlobalSection
EndGlobal
